# External artifacts used by tests and documentation.
# Values are literal release tags and SHA-256 checksums. Make command-line
# assignments override these defaults.

MACHINE_GUEST_TOOLS_TAG?=v0.18.0-test9
MACHINE_GUEST_TOOLS_ROOTFS_SHA256?=7c1d69d985306fe79ccb446632008355b0099fd2e31714acb3c20656db5cf091
MACHINE_GUEST_TOOLS_DEB_SHA256?=a94872c3070157b27fdd68f111078e96903494fbd4d373341ac2ab5f436de029
MACHINE_GUEST_TOOLS_TARBALL_SHA256?=1789f43a6fdea7c68aff184f93a0be04175a77c9a28150860e956e125409e920

LINUX_TAG?=v6.18.38-ctsi-1-test3
LINUX_VERSION?=6.18.38-ctsi-1
LINUX_SHA256?=8e516c496e55089df2d8db9f5d047a84967e0e29cf71b2c4a7f9e5305e58dcc2
