# External artifacts used by tests and documentation.
# Values are literal release tags and SHA-256 checksums. Make command-line
# assignments override these defaults.

MACHINE_GUEST_TOOLS_TAG?=v0.18.0-test6
MACHINE_GUEST_TOOLS_ROOTFS_SHA256?=1dc8f9bad3bf82c12c872ccca9ef401256b9c3df4b390f09b45278b0c88c6315
MACHINE_GUEST_TOOLS_DEB_SHA256?=5aa362df35ef4f085067dce9fac01f0f4d445431012c3fffb11402dafc1f82ce
MACHINE_GUEST_TOOLS_TARBALL_SHA256?=bad7d4ac676cbcd29faf4ff902376a2640496b724f7193cf5275fc5e7f2fe25b

MACHINE_LINUX_IMAGE_TAG?=v0.21.0-test1
MACHINE_LINUX_IMAGE_FILENAME?=linux-6.5.13-ctsi-2-uio-test1-v0.21.0.bin
MACHINE_LINUX_IMAGE_SHA256?=9fb5aaa623f35c0ef2138c8dadf1b0a1e388e0f51758cb6a5477ec5cecd3a029
